// !$*UTF8*$!
{
	archiveVersion = 1;
	classes = {
	};
	objectVersion = 55;
	objects = {

/* Begin PBXBuildFile section */
		404BCBE427DB20E300FA9665 /* TextureLoader.mm in Sources */ = {isa = PBXBuildFile; fileRef = 404BCBE327DB20E300FA9665 /* TextureLoader.mm */; };
		40E4D10727D85FBB00ED405A /* AppDelegate.swift in Sources */ = {isa = PBXBuildFile; fileRef = 40E4D10627D85FBB00ED405A /* AppDelegate.swift */; };
		40E4D10927D85FBB00ED405A /* SceneDelegate.swift in Sources */ = {isa = PBXBuildFile; fileRef = 40E4D10827D85FBB00ED405A /* SceneDelegate.swift */; };
		40E4D10B27D85FBB00ED405A /* ViewController.swift in Sources */ = {isa = PBXBuildFile; fileRef = 40E4D10A27D85FBB00ED405A /* ViewController.swift */; };
		40E4D10E27D85FBB00ED405A /* Main.storyboard in Resources */ = {isa = PBXBuildFile; fileRef = 40E4D10C27D85FBB00ED405A /* Main.storyboard */; };
		40E4D11027D85FBC00ED405A /* Assets.xcassets in Resources */ = {isa = PBXBuildFile; fileRef = 40E4D10F27D85FBC00ED405A /* Assets.xcassets */; };
		40E4D11327D85FBC00ED405A /* LaunchScreen.storyboard in Resources */ = {isa = PBXBuildFile; fileRef = 40E4D11127D85FBC00ED405A /* LaunchScreen.storyboard */; };
		40E4D11B27D8673200ED405A /* crate.jpg in Resources */ = {isa = PBXBuildFile; fileRef = 40E4D11A27D8673200ED405A /* crate.jpg */; };
		40E4D11F27D878C100ED405A /* Scene.mm in Sources */ = {isa = PBXBuildFile; fileRef = 40E4D11E27D878C100ED405A /* Scene.mm */; };
		40E4D12327D87AC200ED405A /* Assert.cpp in Sources */ = {isa = PBXBuildFile; fileRef = 40E4D12127D87AC200ED405A /* Assert.cpp */; };
		40E4D12A27D887FE00ED405A /* Crate.cpp in Sources */ = {isa = PBXBuildFile; fileRef = 40E4D12827D887FE00ED405A /* Crate.cpp */; };
		40E4D12E27D88D2B00ED405A /* Mesh.cpp in Sources */ = {isa = PBXBuildFile; fileRef = 40E4D12C27D88D2B00ED405A /* Mesh.cpp */; };
		40E4D13127D8976500ED405A /* Shader.cpp in Sources */ = {isa = PBXBuildFile; fileRef = 40E4D12F27D8976500ED405A /* Shader.cpp */; };
		40E4D13627D89DD300ED405A /* Shader.vsh in Resources */ = {isa = PBXBuildFile; fileRef = 40E4D13427D8980300ED405A /* Shader.vsh */; };
		40E4D13727D89DD600ED405A /* Shader.fsh in Resources */ = {isa = PBXBuildFile; fileRef = 40E4D13527D8983400ED405A /* Shader.fsh */; };
/* End PBXBuildFile section */

/* Begin PBXFileReference section */
		404BCBE327DB20E300FA9665 /* TextureLoader.mm */ = {isa = PBXFileReference; lastKnownFileType = sourcecode.cpp.objcpp; path = TextureLoader.mm; sourceTree = "<group>"; };
		404BCBE527DB210100FA9665 /* TextureLoader.h */ = {isa = PBXFileReference; lastKnownFileType = sourcecode.c.h; path = TextureLoader.h; sourceTree = "<group>"; };
		40E4D10327D85FBB00ED405A /* gl-maze-demo.app */ = {isa = PBXFileReference; explicitFileType = wrapper.application; includeInIndex = 0; path = "gl-maze-demo.app"; sourceTree = BUILT_PRODUCTS_DIR; };
		40E4D10627D85FBB00ED405A /* AppDelegate.swift */ = {isa = PBXFileReference; lastKnownFileType = sourcecode.swift; path = AppDelegate.swift; sourceTree = "<group>"; };
		40E4D10827D85FBB00ED405A /* SceneDelegate.swift */ = {isa = PBXFileReference; lastKnownFileType = sourcecode.swift; path = SceneDelegate.swift; sourceTree = "<group>"; };
		40E4D10A27D85FBB00ED405A /* ViewController.swift */ = {isa = PBXFileReference; lastKnownFileType = sourcecode.swift; path = ViewController.swift; sourceTree = "<group>"; };
		40E4D10D27D85FBB00ED405A /* Base */ = {isa = PBXFileReference; lastKnownFileType = file.storyboard; name = Base; path = Base.lproj/Main.storyboard; sourceTree = "<group>"; };
		40E4D10F27D85FBC00ED405A /* Assets.xcassets */ = {isa = PBXFileReference; lastKnownFileType = folder.assetcatalog; path = Assets.xcassets; sourceTree = "<group>"; };
		40E4D11227D85FBC00ED405A /* Base */ = {isa = PBXFileReference; lastKnownFileType = file.storyboard; name = Base; path = Base.lproj/LaunchScreen.storyboard; sourceTree = "<group>"; };
		40E4D11427D85FBC00ED405A /* Info.plist */ = {isa = PBXFileReference; lastKnownFileType = text.plist.xml; path = Info.plist; sourceTree = "<group>"; };
		40E4D11A27D8673200ED405A /* crate.jpg */ = {isa = PBXFileReference; lastKnownFileType = image.jpeg; path = crate.jpg; sourceTree = "<group>"; };
		40E4D11D27D878C100ED405A /* gl-maze-demo-Bridging-Header.h */ = {isa = PBXFileReference; lastKnownFileType = sourcecode.c.h; path = "gl-maze-demo-Bridging-Header.h"; sourceTree = "<group>"; };
		40E4D11E27D878C100ED405A /* Scene.mm */ = {isa = PBXFileReference; lastKnownFileType = sourcecode.cpp.objcpp; path = Scene.mm; sourceTree = "<group>"; };
		40E4D12027D878EA00ED405A /* Scene.h */ = {isa = PBXFileReference; lastKnownFileType = sourcecode.c.h; path = Scene.h; sourceTree = "<group>"; };
		40E4D12127D87AC200ED405A /* Assert.cpp */ = {isa = PBXFileReference; lastKnownFileType = sourcecode.cpp.cpp; path = Assert.cpp; sourceTree = "<group>"; };
		40E4D12227D87AC200ED405A /* Assert.hpp */ = {isa = PBXFileReference; lastKnownFileType = sourcecode.cpp.h; path = Assert.hpp; sourceTree = "<group>"; };
		40E4D12527D8844200ED405A /* CrateData.h */ = {isa = PBXFileReference; lastKnownFileType = sourcecode.c.h; path = CrateData.h; sourceTree = "<group>"; };
		40E4D12827D887FE00ED405A /* Crate.cpp */ = {isa = PBXFileReference; lastKnownFileType = sourcecode.cpp.cpp; path = Crate.cpp; sourceTree = "<group>"; };
		40E4D12927D887FE00ED405A /* Crate.hpp */ = {isa = PBXFileReference; lastKnownFileType = sourcecode.cpp.h; path = Crate.hpp; sourceTree = "<group>"; };
		40E4D12C27D88D2B00ED405A /* Mesh.cpp */ = {isa = PBXFileReference; lastKnownFileType = sourcecode.cpp.cpp; path = Mesh.cpp; sourceTree = "<group>"; };
		40E4D12D27D88D2B00ED405A /* Mesh.hpp */ = {isa = PBXFileReference; lastKnownFileType = sourcecode.cpp.h; path = Mesh.hpp; sourceTree = "<group>"; };
		40E4D12F27D8976500ED405A /* Shader.cpp */ = {isa = PBXFileReference; lastKnownFileType = sourcecode.cpp.cpp; path = Shader.cpp; sourceTree = "<group>"; };
		40E4D13027D8976500ED405A /* Shader.hpp */ = {isa = PBXFileReference; lastKnownFileType = sourcecode.cpp.h; path = Shader.hpp; sourceTree = "<group>"; };
		40E4D13427D8980300ED405A /* Shader.vsh */ = {isa = PBXFileReference; lastKnownFileType = sourcecode.glsl; path = Shader.vsh; sourceTree = "<group>"; };
		40E4D13527D8983400ED405A /* Shader.fsh */ = {isa = PBXFileReference; lastKnownFileType = sourcecode.glsl; path = Shader.fsh; sourceTree = "<group>"; };
/* End PBXFileReference section */

/* Begin PBXFrameworksBuildPhase section */
		40E4D10027D85FBB00ED405A /* Frameworks */ = {
			isa = PBXFrameworksBuildPhase;
			buildActionMask = 2147483647;
			files = (
			);
			runOnlyForDeploymentPostprocessing = 0;
		};
/* End PBXFrameworksBuildPhase section */

/* Begin PBXGroup section */
		404BCBE627DB3A7600FA9665 /* maze */ = {
			isa = PBXGroup;
			children = (
			);
			path = maze;
			sourceTree = "<group>";
		};
		40E4D0FA27D85FBB00ED405A = {
			isa = PBXGroup;
			children = (
				40E4D10527D85FBB00ED405A /* gl-maze-demo */,
				40E4D10427D85FBB00ED405A /* Products */,
			);
			sourceTree = "<group>";
		};
		40E4D10427D85FBB00ED405A /* Products */ = {
			isa = PBXGroup;
			children = (
				40E4D10327D85FBB00ED405A /* gl-maze-demo.app */,
			);
			name = Products;
			sourceTree = "<group>";
		};
		40E4D10527D85FBB00ED405A /* gl-maze-demo */ = {
			isa = PBXGroup;
			children = (
				40E4D13227D897E000ED405A /* res */,
				40E4D12627D884A700ED405A /* vendor */,
				40E4D11C27D8673E00ED405A /* assets */,
				40E4D12427D883D800ED405A /* objects */,
				40E4D12B27D88CC900ED405A /* core */,
				40E4D10627D85FBB00ED405A /* AppDelegate.swift */,
				40E4D10827D85FBB00ED405A /* SceneDelegate.swift */,
				40E4D10A27D85FBB00ED405A /* ViewController.swift */,
				40E4D10C27D85FBB00ED405A /* Main.storyboard */,
				40E4D10F27D85FBC00ED405A /* Assets.xcassets */,
				40E4D11127D85FBC00ED405A /* LaunchScreen.storyboard */,
				40E4D11427D85FBC00ED405A /* Info.plist */,
				404BCBE527DB210100FA9665 /* TextureLoader.h */,
				404BCBE327DB20E300FA9665 /* TextureLoader.mm */,
				40E4D12027D878EA00ED405A /* Scene.h */,
				40E4D11E27D878C100ED405A /* Scene.mm */,
				40E4D12227D87AC200ED405A /* Assert.hpp */,
				40E4D12127D87AC200ED405A /* Assert.cpp */,
				40E4D11D27D878C100ED405A /* gl-maze-demo-Bridging-Header.h */,
			);
			path = "gl-maze-demo";
			sourceTree = "<group>";
		};
		40E4D11C27D8673E00ED405A /* assets */ = {
			isa = PBXGroup;
			children = (
				40E4D11A27D8673200ED405A /* crate.jpg */,
			);
			path = assets;
			sourceTree = "<group>";
		};
		40E4D12427D883D800ED405A /* objects */ = {
			isa = PBXGroup;
			children = (
				40E4D12527D8844200ED405A /* CrateData.h */,
				40E4D12827D887FE00ED405A /* Crate.cpp */,
				40E4D12927D887FE00ED405A /* Crate.hpp */,
			);
			path = objects;
			sourceTree = "<group>";
		};
		40E4D12627D884A700ED405A /* vendor */ = {
			isa = PBXGroup;
			children = (
			);
			path = vendor;
			sourceTree = "<group>";
		};
		40E4D12B27D88CC900ED405A /* core */ = {
			isa = PBXGroup;
			children = (
				404BCBE627DB3A7600FA9665 /* maze */,
				40E4D12C27D88D2B00ED405A /* Mesh.cpp */,
				40E4D12D27D88D2B00ED405A /* Mesh.hpp */,
				40E4D12F27D8976500ED405A /* Shader.cpp */,
				40E4D13027D8976500ED405A /* Shader.hpp */,
			);
			path = core;
			sourceTree = "<group>";
		};
		40E4D13227D897E000ED405A /* res */ = {
			isa = PBXGroup;
			children = (
				40E4D13327D897E700ED405A /* shaders */,
			);
			path = res;
			sourceTree = "<group>";
		};
		40E4D13327D897E700ED405A /* shaders */ = {
			isa = PBXGroup;
			children = (
				40E4D13427D8980300ED405A /* Shader.vsh */,
				40E4D13527D8983400ED405A /* Shader.fsh */,
			);
			path = shaders;
			sourceTree = "<group>";
		};
/* End PBXGroup section */

/* Begin PBXNativeTarget section */
		40E4D10227D85FBB00ED405A /* gl-maze-demo */ = {
			isa = PBXNativeTarget;
			buildConfigurationList = 40E4D11727D85FBC00ED405A /* Build configuration list for PBXNativeTarget "gl-maze-demo" */;
			buildPhases = (
				40E4D0FF27D85FBB00ED405A /* Sources */,
				40E4D10027D85FBB00ED405A /* Frameworks */,
				40E4D10127D85FBB00ED405A /* Resources */,
			);
			buildRules = (
			);
			dependencies = (
			);
			name = "gl-maze-demo";
			productName = "gl-maze-demo";
			productReference = 40E4D10327D85FBB00ED405A /* gl-maze-demo.app */;
			productType = "com.apple.product-type.application";
		};
/* End PBXNativeTarget section */

/* Begin PBXProject section */
		40E4D0FB27D85FBB00ED405A /* Project object */ = {
			isa = PBXProject;
			attributes = {
				BuildIndependentTargetsInParallel = 1;
				LastSwiftUpdateCheck = 1320;
				LastUpgradeCheck = 1320;
				TargetAttributes = {
					40E4D10227D85FBB00ED405A = {
						CreatedOnToolsVersion = 13.2.1;
						LastSwiftMigration = 1320;
					};
				};
			};
			buildConfigurationList = 40E4D0FE27D85FBB00ED405A /* Build configuration list for PBXProject "gl-maze-demo" */;
			compatibilityVersion = "Xcode 13.0";
			developmentRegion = en;
			hasScannedForEncodings = 0;
			knownRegions = (
				en,
				Base,
			);
			mainGroup = 40E4D0FA27D85FBB00ED405A;
			productRefGroup = 40E4D10427D85FBB00ED405A /* Products */;
			projectDirPath = "";
			projectRoot = "";
			targets = (
				40E4D10227D85FBB00ED405A /* gl-maze-demo */,
			);
		};
/* End PBXProject section */

/* Begin PBXResourcesBuildPhase section */
		40E4D10127D85FBB00ED405A /* Resources */ = {
			isa = PBXResourcesBuildPhase;
			buildActionMask = 2147483647;
			files = (
				40E4D13727D89DD600ED405A /* Shader.fsh in Resources */,
				40E4D11327D85FBC00ED405A /* LaunchScreen.storyboard in Resources */,
				40E4D11027D85FBC00ED405A /* Assets.xcassets in Resources */,
				40E4D10E27D85FBB00ED405A /* Main.storyboard in Resources */,
				40E4D11B27D8673200ED405A /* crate.jpg in Resources */,
				40E4D13627D89DD300ED405A /* Shader.vsh in Resources */,
			);
			runOnlyForDeploymentPostprocessing = 0;
		};
/* End PBXResourcesBuildPhase section */

/* Begin PBXSourcesBuildPhase section */
		40E4D0FF27D85FBB00ED405A /* Sources */ = {
			isa = PBXSourcesBuildPhase;
			buildActionMask = 2147483647;
			files = (
				40E4D10B27D85FBB00ED405A /* ViewController.swift in Sources */,
				40E4D12A27D887FE00ED405A /* Crate.cpp in Sources */,
				40E4D13127D8976500ED405A /* Shader.cpp in Sources */,
				40E4D10727D85FBB00ED405A /* AppDelegate.swift in Sources */,
				404BCBE427DB20E300FA9665 /* TextureLoader.mm in Sources */,
				40E4D12E27D88D2B00ED405A /* Mesh.cpp in Sources */,
				40E4D10927D85FBB00ED405A /* SceneDelegate.swift in Sources */,
				40E4D12327D87AC200ED405A /* Assert.cpp in Sources */,
				40E4D11F27D878C100ED405A /* Scene.mm in Sources */,
			);
			runOnlyForDeploymentPostprocessing = 0;
		};
/* End PBXSourcesBuildPhase section */

/* Begin PBXVariantGroup section */
		40E4D10C27D85FBB00ED405A /* Main.storyboard */ = {
			isa = PBXVariantGroup;
			children = (
				40E4D10D27D85FBB00ED405A /* Base */,
			);
			name = Main.storyboard;
			sourceTree = "<group>";
		};
		40E4D11127D85FBC00ED405A /* LaunchScreen.storyboard */ = {
			isa = PBXVariantGroup;
			children = (
				40E4D11227D85FBC00ED405A /* Base */,
			);
			name = LaunchScreen.storyboard;
			sourceTree = "<group>";
		};
/* End PBXVariantGroup section */

/* Begin XCBuildConfiguration section */
		40E4D11527D85FBC00ED405A /* Debug */ = {
			isa = XCBuildConfiguration;
			buildSettings = {
				ALWAYS_SEARCH_USER_PATHS = NO;
				CLANG_ANALYZER_NONNULL = YES;
				CLANG_ANALYZER_NUMBER_OBJECT_CONVERSION = YES_AGGRESSIVE;
				CLANG_CXX_LANGUAGE_STANDARD = "gnu++17";
				CLANG_CXX_LIBRARY = "libc++";
				CLANG_ENABLE_MODULES = YES;
				CLANG_ENABLE_OBJC_ARC = YES;
				CLANG_ENABLE_OBJC_WEAK = YES;
				CLANG_WARN_BLOCK_CAPTURE_AUTORELEASING = YES;
				CLANG_WARN_BOOL_CONVERSION = YES;
				CLANG_WARN_COMMA = YES;
				CLANG_WARN_CONSTANT_CONVERSION = YES;
				CLANG_WARN_DEPRECATED_OBJC_IMPLEMENTATIONS = YES;
				CLANG_WARN_DIRECT_OBJC_ISA_USAGE = YES_ERROR;
				CLANG_WARN_DOCUMENTATION_COMMENTS = YES;
				CLANG_WARN_EMPTY_BODY = YES;
				CLANG_WARN_ENUM_CONVERSION = YES;
				CLANG_WARN_INFINITE_RECURSION = YES;
				CLANG_WARN_INT_CONVERSION = YES;
				CLANG_WARN_NON_LITERAL_NULL_CONVERSION = YES;
				CLANG_WARN_OBJC_IMPLICIT_RETAIN_SELF = YES;
				CLANG_WARN_OBJC_LITERAL_CONVERSION = YES;
				CLANG_WARN_OBJC_ROOT_CLASS = YES_ERROR;
				CLANG_WARN_QUOTED_INCLUDE_IN_FRAMEWORK_HEADER = YES;
				CLANG_WARN_RANGE_LOOP_ANALYSIS = YES;
				CLANG_WARN_STRICT_PROTOTYPES = YES;
				CLANG_WARN_SUSPICIOUS_MOVE = YES;
				CLANG_WARN_UNGUARDED_AVAILABILITY = YES_AGGRESSIVE;
				CLANG_WARN_UNREACHABLE_CODE = YES;
				CLANG_WARN__DUPLICATE_METHOD_MATCH = YES;
				COPY_PHASE_STRIP = NO;
				DEBUG_INFORMATION_FORMAT = dwarf;
				ENABLE_STRICT_OBJC_MSGSEND = YES;
				ENABLE_TESTABILITY = YES;
				GCC_C_LANGUAGE_STANDARD = gnu11;
				GCC_DYNAMIC_NO_PIC = NO;
				GCC_NO_COMMON_BLOCKS = YES;
				GCC_OPTIMIZATION_LEVEL = 0;
				GCC_PREPROCESSOR_DEFINITIONS = (
					"DEBUG=1",
					"$(inherited)",
				);
				GCC_WARN_64_TO_32_BIT_CONVERSION = YES;
				GCC_WARN_ABOUT_RETURN_TYPE = YES_ERROR;
				GCC_WARN_UNDECLARED_SELECTOR = YES;
				GCC_WARN_UNINITIALIZED_AUTOS = YES_AGGRESSIVE;
				GCC_WARN_UNUSED_FUNCTION = YES;
				GCC_WARN_UNUSED_VARIABLE = YES;
				IPHONEOS_DEPLOYMENT_TARGET = 15.2;
				MTL_ENABLE_DEBUG_INFO = INCLUDE_SOURCE;
				MTL_FAST_MATH = YES;
				ONLY_ACTIVE_ARCH = YES;
				SDKROOT = iphoneos;
				SWIFT_ACTIVE_COMPILATION_CONDITIONS = DEBUG;
				SWIFT_OPTIMIZATION_LEVEL = "-Onone";
			};
			name = Debug;
		};
		40E4D11627D85FBC00ED405A /* Release */ = {
			isa = XCBuildConfiguration;
			buildSettings = {
				ALWAYS_SEARCH_USER_PATHS = NO;
				CLANG_ANALYZER_NONNULL = YES;
				CLANG_ANALYZER_NUMBER_OBJECT_CONVERSION = YES_AGGRESSIVE;
				CLANG_CXX_LANGUAGE_STANDARD = "gnu++17";
				CLANG_CXX_LIBRARY = "libc++";
				CLANG_ENABLE_MODULES = YES;
				CLANG_ENABLE_OBJC_ARC = YES;
				CLANG_ENABLE_OBJC_WEAK = YES;
				CLANG_WARN_BLOCK_CAPTURE_AUTORELEASING = YES;
				CLANG_WARN_BOOL_CONVERSION = YES;
				CLANG_WARN_COMMA = YES;
				CLANG_WARN_CONSTANT_CONVERSION = YES;
				CLANG_WARN_DEPRECATED_OBJC_IMPLEMENTATIONS = YES;
				CLANG_WARN_DIRECT_OBJC_ISA_USAGE = YES_ERROR;
				CLANG_WARN_DOCUMENTATION_COMMENTS = YES;
				CLANG_WARN_EMPTY_BODY = YES;
				CLANG_WARN_ENUM_CONVERSION = YES;
				CLANG_WARN_INFINITE_RECURSION = YES;
				CLANG_WARN_INT_CONVERSION = YES;
				CLANG_WARN_NON_LITERAL_NULL_CONVERSION = YES;
				CLANG_WARN_OBJC_IMPLICIT_RETAIN_SELF = YES;
				CLANG_WARN_OBJC_LITERAL_CONVERSION = YES;
				CLANG_WARN_OBJC_ROOT_CLASS = YES_ERROR;
				CLANG_WARN_QUOTED_INCLUDE_IN_FRAMEWORK_HEADER = YES;
				CLANG_WARN_RANGE_LOOP_ANALYSIS = YES;
				CLANG_WARN_STRICT_PROTOTYPES = YES;
				CLANG_WARN_SUSPICIOUS_MOVE = YES;
				CLANG_WARN_UNGUARDED_AVAILABILITY = YES_AGGRESSIVE;
				CLANG_WARN_UNREACHABLE_CODE = YES;
				CLANG_WARN__DUPLICATE_METHOD_MATCH = YES;
				COPY_PHASE_STRIP = NO;
				DEBUG_INFORMATION_FORMAT = "dwarf-with-dsym";
				ENABLE_NS_ASSERTIONS = NO;
				ENABLE_STRICT_OBJC_MSGSEND = YES;
				GCC_C_LANGUAGE_STANDARD = gnu11;
				GCC_NO_COMMON_BLOCKS = YES;
				GCC_WARN_64_TO_32_BIT_CONVERSION = YES;
				GCC_WARN_ABOUT_RETURN_TYPE = YES_ERROR;
				GCC_WARN_UNDECLARED_SELECTOR = YES;
				GCC_WARN_UNINITIALIZED_AUTOS = YES_AGGRESSIVE;
				GCC_WARN_UNUSED_FUNCTION = YES;
				GCC_WARN_UNUSED_VARIABLE = YES;
				IPHONEOS_DEPLOYMENT_TARGET = 15.2;
				MTL_ENABLE_DEBUG_INFO = NO;
				MTL_FAST_MATH = YES;
				SDKROOT = iphoneos;
				SWIFT_COMPILATION_MODE = wholemodule;
				SWIFT_OPTIMIZATION_LEVEL = "-O";
				VALIDATE_PRODUCT = YES;
			};
			name = Release;
		};
		40E4D11827D85FBC00ED405A /* Debug */ = {
			isa = XCBuildConfiguration;
			buildSettings = {
				ASSETCATALOG_COMPILER_APPICON_NAME = AppIcon;
				ASSETCATALOG_COMPILER_GLOBAL_ACCENT_COLOR_NAME = AccentColor;
				CLANG_ENABLE_MODULES = YES;
				CODE_SIGN_STYLE = Automatic;
				CURRENT_PROJECT_VERSION = 1;
				GCC_PREPROCESSOR_DEFINITIONS = (
					"DEBUG=1",
					"$(inherited)",
					"GLES_SILENCE_DEPRECATION=1",
				);
				GENERATE_INFOPLIST_FILE = YES;
				HEADER_SEARCH_PATHS = "gl-maze-demo/vendor/glm/";
				INFOPLIST_FILE = "gl-maze-demo/Info.plist";
				INFOPLIST_KEY_UIApplicationSupportsIndirectInputEvents = YES;
				INFOPLIST_KEY_UILaunchStoryboardName = LaunchScreen;
				INFOPLIST_KEY_UIMainStoryboardFile = Main;
				INFOPLIST_KEY_UISupportedInterfaceOrientations_iPad = "UIInterfaceOrientationPortrait UIInterfaceOrientationPortraitUpsideDown UIInterfaceOrientationLandscapeLeft UIInterfaceOrientationLandscapeRight";
				INFOPLIST_KEY_UISupportedInterfaceOrientations_iPhone = "UIInterfaceOrientationPortrait UIInterfaceOrientationLandscapeLeft UIInterfaceOrientationLandscapeRight";
				LD_RUNPATH_SEARCH_PATHS = (
					"$(inherited)",
					"@executable_path/Frameworks",
				);
				MARKETING_VERSION = 1.0;
				PRODUCT_BUNDLE_IDENTIFIER = "ca.btechgames.gl-maze-demo";
				PRODUCT_NAME = "$(TARGET_NAME)";
				SWIFT_EMIT_LOC_STRINGS = YES;
				SWIFT_OBJC_BRIDGING_HEADER = "gl-maze-demo/gl-maze-demo-Bridging-Header.h";
				SWIFT_OPTIMIZATION_LEVEL = "-Onone";
				SWIFT_VERSION = 5.0;
				TARGETED_DEVICE_FAMILY = "1,2";
			};
			name = Debug;
		};
		40E4D11927D85FBC00ED405A /* Release */ = {
			isa = XCBuildConfiguration;
			buildSettings = {
				ASSETCATALOG_COMPILER_APPICON_NAME = AppIcon;
				ASSETCATALOG_COMPILER_GLOBAL_ACCENT_COLOR_NAME = AccentColor;
				CLANG_ENABLE_MODULES = YES;
				CODE_SIGN_STYLE = Automatic;
				CURRENT_PROJECT_VERSION = 1;
				GCC_PREPROCESSOR_DEFINITIONS = "GLES_SILENCE_DEPRECATION=1";
				GENERATE_INFOPLIST_FILE = YES;
				HEADER_SEARCH_PATHS = "gl-maze-demo/vendor/glm/";
				INFOPLIST_FILE = "gl-maze-demo/Info.plist";
				INFOPLIST_KEY_UIApplicationSupportsIndirectInputEvents = YES;
				INFOPLIST_KEY_UILaunchStoryboardName = LaunchScreen;
				INFOPLIST_KEY_UIMainStoryboardFile = Main;
				INFOPLIST_KEY_UISupportedInterfaceOrientations_iPad = "UIInterfaceOrientationPortrait UIInterfaceOrientationPortraitUpsideDown UIInterfaceOrientationLandscapeLeft UIInterfaceOrientationLandscapeRight";
				INFOPLIST_KEY_UISupportedInterfaceOrientations_iPhone = "UIInterfaceOrientationPortrait UIInterfaceOrientationLandscapeLeft UIInterfaceOrientationLandscapeRight";
				LD_RUNPATH_SEARCH_PATHS = (
					"$(inherited)",
					"@executable_path/Frameworks",
				);
				MARKETING_VERSION = 1.0;
				PRODUCT_BUNDLE_IDENTIFIER = "ca.btechgames.gl-maze-demo";
				PRODUCT_NAME = "$(TARGET_NAME)";
				SWIFT_EMIT_LOC_STRINGS = YES;
				SWIFT_OBJC_BRIDGING_HEADER = "gl-maze-demo/gl-maze-demo-Bridging-Header.h";
				SWIFT_VERSION = 5.0;
				TARGETED_DEVICE_FAMILY = "1,2";
			};
			name = Release;
		};
/* End XCBuildConfiguration section */

/* Begin XCConfigurationList section */
		40E4D0FE27D85FBB00ED405A /* Build configuration list for PBXProject "gl-maze-demo" */ = {
			isa = XCConfigurationList;
			buildConfigurations = (
				40E4D11527D85FBC00ED405A /* Debug */,
				40E4D11627D85FBC00ED405A /* Release */,
			);
			defaultConfigurationIsVisible = 0;
			defaultConfigurationName = Release;
		};
		40E4D11727D85FBC00ED405A /* Build configuration list for PBXNativeTarget "gl-maze-demo" */ = {
			isa = XCConfigurationList;
			buildConfigurations = (
				40E4D11827D85FBC00ED405A /* Debug */,
				40E4D11927D85FBC00ED405A /* Release */,
			);
			defaultConfigurationIsVisible = 0;
			defaultConfigurationName = Release;
		};
/* End XCConfigurationList section */
	};
	rootObject = 40E4D0FB27D85FBB00ED405A /* Project object */;
}
